
Microsoft Visual Studio Solution File, Format Version 12.00
# Visual Studio Version 16
VisualStudioVersion = 16.0.31515.178
MinimumVisualStudioVersion = 10.0.40219.1
Project("{FAE04EC0-301F-11D3-BF4B-00C04F79EFBC}") = "BackgroundTasksSamples", "BackgroundTasksSamples\BackgroundTasksSamples.csproj", "{5D37F26E-03C4-418E-91D6-D188A1C82EA1}"
EndProject
Project("{FAE04EC0-301F-11D3-BF4B-00C04F79EFBC}") = "ApplicationServices", "ApplicationServices\ApplicationServices.csproj", "{7C5004AD-27FD-4A4A-A5AA-48A77671D38A}"
EndProject
Global
	GlobalSection(SolutionConfigurationPlatforms) = preSolution
		Debug|Any CPU = Debug|Any CPU
		Release|Any CPU = Release|Any CPU
	EndGlobalSection
	GlobalSection(ProjectConfigurationPlatforms) = postSolution
		{5D37F26E-03C4-418E-91D6-D188A1C82EA1}.Debug|Any CPU.ActiveCfg = Debug|Any CPU
		{5D37F26E-03C4-418E-91D6-D188A1C82EA1}.Debug|Any CPU.Build.0 = Debug|Any CPU
		{5D37F26E-03C4-418E-91D6-D188A1C82EA1}.Release|Any CPU.ActiveCfg = Release|Any CPU
		{5D37F26E-03C4-418E-91D6-D188A1C82EA1}.Release|Any CPU.Build.0 = Release|Any CPU
		{7C5004AD-27FD-4A4A-A5AA-48A77671D38A}.Debug|Any CPU.ActiveCfg = Debug|Any CPU
		{7C5004AD-27FD-4A4A-A5AA-48A77671D38A}.Debug|Any CPU.Build.0 = Debug|Any CPU
		{7C5004AD-27FD-4A4A-A5AA-48A77671D38A}.Release|Any CPU.ActiveCfg = Release|Any CPU
		{7C5004AD-27FD-4A4A-A5AA-48A77671D38A}.Release|Any CPU.Build.0 = Release|Any CPU
	EndGlobalSection
	GlobalSection(SolutionProperties) = preSolution
		HideSolutionNode = FALSE
	EndGlobalSection
	GlobalSection(ExtensibilityGlobals) = postSolution
		SolutionGuid = {8B7D7855-2068-4141-B2FA-B72E50E0BC9A}
	EndGlobalSection
EndGlobal
